
Microsoft Visual Studio Solution File, Format Version 12.00
# Visual Studio Version 17
VisualStudioVersion = 17.0.32112.339
MinimumVisualStudioVersion = 10.0.40219.1
Project("{9A19103F-16F7-4668-BE54-9A1E7A4F7556}") = "app", "app\app.csproj", "{19D10EF5-DCA6-424B-A74F-65F411828773}"
EndProject
Project("{9A19103F-16F7-4668-BE54-9A1E7A4F7556}") = "Data", "Data\Data.csproj", "{CF8CF25B-47BC-48EE-9B82-A80EAE9B52F0}"
EndProject
Project("{9A19103F-16F7-4668-BE54-9A1E7A4F7556}") = "Core", "Core\Core.csproj", "{099DA48B-EC95-44FA-9B0E-F627EF368BFA}"
EndProject
Project("{9A19103F-16F7-4668-BE54-9A1E7A4F7556}") = "Migrations", "Migrations\Migrations.csproj", "{A31B50DB-28AD-49D9-B0B8-EFE70E7A781D}"
EndProject
Global
	GlobalSection(SolutionConfigurationPlatforms) = preSolution
		Debug|Any CPU = Debug|Any CPU
		Release|Any CPU = Release|Any CPU
	EndGlobalSection
	GlobalSection(ProjectConfigurationPlatforms) = postSolution
		{19D10EF5-DCA6-424B-A74F-65F411828773}.Debug|Any CPU.ActiveCfg = Debug|Any CPU
		{19D10EF5-DCA6-424B-A74F-65F411828773}.Debug|Any CPU.Build.0 = Debug|Any CPU
		{19D10EF5-DCA6-424B-A74F-65F411828773}.Release|Any CPU.ActiveCfg = Release|Any CPU
		{19D10EF5-DCA6-424B-A74F-65F411828773}.Release|Any CPU.Build.0 = Release|Any CPU
		{CF8CF25B-47BC-48EE-9B82-A80EAE9B52F0}.Debug|Any CPU.ActiveCfg = Debug|Any CPU
		{CF8CF25B-47BC-48EE-9B82-A80EAE9B52F0}.Debug|Any CPU.Build.0 = Debug|Any CPU
		{CF8CF25B-47BC-48EE-9B82-A80EAE9B52F0}.Release|Any CPU.ActiveCfg = Release|Any CPU
		{CF8CF25B-47BC-48EE-9B82-A80EAE9B52F0}.Release|Any CPU.Build.0 = Release|Any CPU
		{099DA48B-EC95-44FA-9B0E-F627EF368BFA}.Debug|Any CPU.ActiveCfg = Debug|Any CPU
		{099DA48B-EC95-44FA-9B0E-F627EF368BFA}.Debug|Any CPU.Build.0 = Debug|Any CPU
		{099DA48B-EC95-44FA-9B0E-F627EF368BFA}.Release|Any CPU.ActiveCfg = Release|Any CPU
		{099DA48B-EC95-44FA-9B0E-F627EF368BFA}.Release|Any CPU.Build.0 = Release|Any CPU
		{A31B50DB-28AD-49D9-B0B8-EFE70E7A781D}.Debug|Any CPU.ActiveCfg = Debug|Any CPU
		{A31B50DB-28AD-49D9-B0B8-EFE70E7A781D}.Debug|Any CPU.Build.0 = Debug|Any CPU
		{A31B50DB-28AD-49D9-B0B8-EFE70E7A781D}.Release|Any CPU.ActiveCfg = Release|Any CPU
		{A31B50DB-28AD-49D9-B0B8-EFE70E7A781D}.Release|Any CPU.Build.0 = Release|Any CPU
	EndGlobalSection
	GlobalSection(SolutionProperties) = preSolution
		HideSolutionNode = FALSE
	EndGlobalSection
	GlobalSection(ExtensibilityGlobals) = postSolution
		SolutionGuid = {BEF86931-0D8F-4012-8712-AC65A58FD260}
	EndGlobalSection
EndGlobal
